<?xml version="1.0" encoding="utf-8"?>
<Project ToolsVersion="4.0" xmlns="http://schemas.microsoft.com/developer/msbuild/2003">
  <ItemGroup>
    <Filter Include="Source Files">
      <UniqueIdentifier>{4FC737F1-C7A5-4376-A066-2A32D752A2FF}</UniqueIdentifier>
      <Extensions>cpp;c;cc;cxx;def;odl;idl;hpj;bat;asm;asmx</Extensions>
    </Filter>
    <Filter Include="Header Files">
      <UniqueIdentifier>{93995380-89BD-4b04-88EB-625FBE52EBFB}</UniqueIdentifier>
      <Extensions>h;hh;hpp;hxx;hm;inl;inc;xsd</Extensions>
    </Filter>
    <Filter Include="Resource Files">
      <UniqueIdentifier>{D9D6E242-F8AF-46E4-B9FD-80ECBC20BA3E}</UniqueIdentifier>
      <Extensions>qrc;*</Extensions>
      <ParseFiles>false</ParseFiles>
    </Filter>
    <Filter Include="Form Files">
      <UniqueIdentifier>{99349809-55BA-4b9d-BF79-8FDBB0286EB3}</UniqueIdentifier>
      <Extensions>ui</Extensions>
    </Filter>
    <Filter Include="Resource Files">
      <UniqueIdentifier>{D9D6E242-F8AF-46E4-B9FD-80ECBC20BA3E}</UniqueIdentifier>
      <Extensions>qrc;*</Extensions>
      <ParseFiles>false</ParseFiles>
    </Filter>
    <Filter Include="Header Files\GUI">
      <UniqueIdentifier>{a028087a-300d-4280-9dbc-d7d16b9817de}</UniqueIdentifier>
    </Filter>
    <Filter Include="Source Files\GUI">
      <UniqueIdentifier>{0200522d-b7e6-49db-b20d-da77f1631409}</UniqueIdentifier>
    </Filter>
    <Filter Include="Header Files\model">
      <UniqueIdentifier>{a6a4047e-3728-4f32-a186-6c443fc9244d}</UniqueIdentifier>
    </Filter>
    <Filter Include="Source Files\model">
      <UniqueIdentifier>{6b07bebb-0a85-45d3-8c54-29900b958343}</UniqueIdentifier>
    </Filter>
    <Filter Include="Header Files\library">
      <UniqueIdentifier>{08a77813-8a7a-46c0-a67a-247f0c518551}</UniqueIdentifier>
    </Filter>
    <Filter Include="Source Files\book_data">
      <UniqueIdentifier>{2f62b892-e863-4c92-ae63-9ae3ffaa6bf5}</UniqueIdentifier>
    </Filter>
  </ItemGroup>
  <ItemGroup>
    <QtUic Include="ui\AboutWindow.ui">
      <Filter>Form Files</Filter>
    </QtUic>
    <QtUic Include="ui\BookInfoWindow.ui">
      <Filter>Form Files</Filter>
    </QtUic>
    <QtUic Include="ui\FindWindow.ui">
      <Filter>Form Files</Filter>
    </QtUic>
    <QtUic Include="ui\MainWindow.ui">
      <Filter>Form Files</Filter>
    </QtUic>
    <QtUic Include="ui\ManageWindow.ui">
      <Filter>Form Files</Filter>
    </QtUic>
    <QtUic Include="ui\ReportWindow.ui">
      <Filter>Form Files</Filter>
    </QtUic>
    <QtUic Include="ui\SaleWindow.ui">
      <Filter>Form Files</Filter>
    </QtUic>
  </ItemGroup>
  <ItemGroup>
    <QtMoc Include="GUIh\AboutWindow.h">
      <Filter>Header Files\GUI</Filter>
    </QtMoc>
    <QtMoc Include="GUIh\MainWindow.h">
      <Filter>Header Files\GUI</Filter>
    </QtMoc>
    <QtMoc Include="GUIh\ReportWindow.h">
      <Filter>Header Files\GUI</Filter>
    </QtMoc>
    <QtMoc Include="GUIh\ManageWindow.h">
      <Filter>Header Files\GUI</Filter>
    </QtMoc>
    <QtMoc Include="GUIh\SaleWindow.h">
      <Filter>Header Files\GUI</Filter>
    </QtMoc>
    <QtMoc Include="GUIh\BookInfoWindow.h">
      <Filter>Header Files\GUI</Filter>
    </QtMoc>
    <QtMoc Include="GUIh\FindWindow.h">
      <Filter>Header Files\GUI</Filter>
    </QtMoc>
    <QtMoc Include="model_h\Sale.h">
      <Filter>Header Files\model</Filter>
    </QtMoc>
  </ItemGroup>
  <ItemGroup>
    <ClInclude Include="h\library.h">
      <Filter>Header Files\library</Filter>
    </ClInclude>
    <ClInclude Include="model_h\find.h">
      <Filter>Header Files\model</Filter>
    </ClInclude>
    <ClInclude Include="h\global.h">
      <Filter>Header Files</Filter>
    </ClInclude>
    <ClInclude Include="h\sqlite.h">
      <Filter>Header Files</Filter>
    </ClInclude>
    <ClInclude Include="model_h\report.h">
      <Filter>Header Files\model</Filter>
    </ClInclude>
  </ItemGroup>
  <ItemGroup>
    <ClCompile Include="GUIcpp\AboutWindow.cpp">
      <Filter>Source Files\GUI</Filter>
    </ClCompile>
    <ClCompile Include="GUIcpp\BookInfoWindow.cpp">
      <Filter>Source Files\GUI</Filter>
    </ClCompile>
    <ClCompile Include="GUIcpp\FindWindow.cpp">
      <Filter>Source Files\GUI</Filter>
    </ClCompile>
    <ClCompile Include="GUIcpp\MainWindow.cpp">
      <Filter>Source Files\GUI</Filter>
    </ClCompile>
    <ClCompile Include="GUIcpp\ManageWindow.cpp">
      <Filter>Source Files\GUI</Filter>
    </ClCompile>
    <ClCompile Include="GUIcpp\ReportWindow.cpp">
      <Filter>Source Files\GUI</Filter>
    </ClCompile>
    <ClCompile Include="GUIcpp\SaleWindow.cpp">
      <Filter>Source Files\GUI</Filter>
    </ClCompile>
    <ClCompile Include="cpp\global.cpp">
      <Filter>Source Files</Filter>
    </ClCompile>
    <ClCompile Include="cpp\main.cpp">
      <Filter>Source Files</Filter>
    </ClCompile>
    <ClCompile Include="cpp\BookData.cpp">
      <Filter>Source Files\book_data</Filter>
    </ClCompile>
    <ClCompile Include="cpp\TitleInfo.cpp">
      <Filter>Source Files\book_data</Filter>
    </ClCompile>
    <ClCompile Include="model_cpp\Sale.cpp">
      <Filter>Source Files\model</Filter>
    </ClCompile>
    <ClCompile Include="model_cpp\find.cpp">
      <Filter>Source Files\model</Filter>
    </ClCompile>
    <ClCompile Include="cpp\sqlite.cpp">
      <Filter>Source Files</Filter>
    </ClCompile>
    <ClCompile Include="model_cpp\report.cpp">
      <Filter>Source Files\model</Filter>
    </ClCompile>
  </ItemGroup>
  <ItemGroup>
    <QtRcc Include="qrc\About.qrc">
      <Filter>Resource Files</Filter>
    </QtRcc>
    <QtRcc Include="qrc\MainWindow.qrc">
      <Filter>Resource Files</Filter>
    </QtRcc>
  </ItemGroup>
  <ItemGroup>
    <None Include="qrc\qt_zh_CN.qm">
      <Filter>Resource Files</Filter>
    </None>
  </ItemGroup>
</Project>